
Microsoft Visual Studio Solution File, Format Version 12.00
Project("{FAE04EC0-301F-11D3-BF4B-00C04F79EFBC}") = "ClassLibrary1", "ClassLibrary1\ClassLibrary1.csproj", "{3D40170A-FB05-42F0-ABE9-6EA02A15521E}"
EndProject
Project("{2150E333-8FDC-42A3-9474-1A3956D46DE8}") = "devops", "devops", "{FFF2FC89-3BE8-48AC-A1FF-6D9D9A49712F}"
	ProjectSection(SolutionItems) = preProject
		.env = .env
	EndProjectSection
EndProject
Global
	GlobalSection(SolutionConfigurationPlatforms) = preSolution
		Debug|Any CPU = Debug|Any CPU
		Release|Any CPU = Release|Any CPU
	EndGlobalSection
	GlobalSection(ProjectConfigurationPlatforms) = postSolution
		{3D40170A-FB05-42F0-ABE9-6EA02A15521E}.Debug|Any CPU.ActiveCfg = Debug|Any CPU
		{3D40170A-FB05-42F0-ABE9-6EA02A15521E}.Debug|Any CPU.Build.0 = Debug|Any CPU
		{3D40170A-FB05-42F0-ABE9-6EA02A15521E}.Release|Any CPU.ActiveCfg = Release|Any CPU
		{3D40170A-FB05-42F0-ABE9-6EA02A15521E}.Release|Any CPU.Build.0 = Release|Any CPU
	EndGlobalSection
EndGlobal
